
Microsoft Visual Studio Solution File, Format Version 12.00
# Visual Studio 2012
Project("{FAE04EC0-301F-11D3-BF4B-00C04F79EFBC}") = "PetStore-web", "PetStore-web\PetStore-web.csproj", "{29033578-6839-4EBC-AEEF-CC0F7C431617}"
EndProject
Project("{FAE04EC0-301F-11D3-BF4B-00C04F79EFBC}") = "PetStore-test", "PetStore-tests\PetStore-test.csproj", "{0DA3C3FA-0AD8-403D-9AF2-4A762B2F2467}"
EndProject
Project("{FAE04EC0-301F-11D3-BF4B-00C04F79EFBC}") = "PetStoreNew", "..\PetStoreNew\PetStoreNew\PetStoreNew.csproj", "{5DFB70AF-4A55-4CA0-B0CE-40250FF092DF}"
EndProject
Global
	GlobalSection(SolutionConfigurationPlatforms) = preSolution
		Debug|Any CPU = Debug|Any CPU
		Release|Any CPU = Release|Any CPU
	EndGlobalSection
	GlobalSection(ProjectConfigurationPlatforms) = postSolution
		{29033578-6839-4EBC-AEEF-CC0F7C431617}.Debug|Any CPU.ActiveCfg = Debug|Any CPU
		{29033578-6839-4EBC-AEEF-CC0F7C431617}.Debug|Any CPU.Build.0 = Debug|Any CPU
		{29033578-6839-4EBC-AEEF-CC0F7C431617}.Release|Any CPU.ActiveCfg = Release|Any CPU
		{29033578-6839-4EBC-AEEF-CC0F7C431617}.Release|Any CPU.Build.0 = Release|Any CPU
		{0DA3C3FA-0AD8-403D-9AF2-4A762B2F2467}.Debug|Any CPU.ActiveCfg = Debug|Any CPU
		{0DA3C3FA-0AD8-403D-9AF2-4A762B2F2467}.Debug|Any CPU.Build.0 = Debug|Any CPU
		{0DA3C3FA-0AD8-403D-9AF2-4A762B2F2467}.Release|Any CPU.ActiveCfg = Release|Any CPU
		{0DA3C3FA-0AD8-403D-9AF2-4A762B2F2467}.Release|Any CPU.Build.0 = Release|Any CPU
		{5DFB70AF-4A55-4CA0-B0CE-40250FF092DF}.Debug|Any CPU.ActiveCfg = Debug|Any CPU
		{5DFB70AF-4A55-4CA0-B0CE-40250FF092DF}.Debug|Any CPU.Build.0 = Debug|Any CPU
		{5DFB70AF-4A55-4CA0-B0CE-40250FF092DF}.Release|Any CPU.ActiveCfg = Release|Any CPU
		{5DFB70AF-4A55-4CA0-B0CE-40250FF092DF}.Release|Any CPU.Build.0 = Release|Any CPU
	EndGlobalSection
	GlobalSection(SolutionProperties) = preSolution
		HideSolutionNode = FALSE
	EndGlobalSection
EndGlobal
